<?xml version="1.0" encoding="utf-8"?>
<Project ToolsVersion="4.0" xmlns="http://schemas.microsoft.com/developer/msbuild/2003">
  <ItemGroup>
    <ClCompile Include="src\WinMain.cpp" />
    <ClCompile Include="src\God.cpp">
      <Filter>God</Filter>
    </ClCompile>
    <ClCompile Include="src\Cameraman.cpp">
      <Filter>Cameraman</Filter>
    </ClCompile>
    <ClCompile Include="src\Enemy.cpp">
      <Filter>Enemy</Filter>
    </ClCompile>
    <ClCompile Include="src\Player.cpp">
      <Filter>Player</Filter>
    </ClCompile>
    <ClCompile Include="src\Timer.cpp">
      <Filter>Timer</Filter>
    </ClCompile>
    <ClCompile Include="src\Synchronizer.cpp">
      <Filter>Synchronizer</Filter>
    </ClCompile>
    <ClCompile Include="src\UserInterface.cpp">
      <Filter>UI</Filter>
    </ClCompile>
    <ClCompile Include="..\Fantomwaves\FantomWaves_cpp\P2P.cpp" />
  </ItemGroup>
  <ItemGroup>
    <Filter Include="God">
      <UniqueIdentifier>{889aeb66-8de7-43d3-9dd4-ef9226fd998a}</UniqueIdentifier>
    </Filter>
    <Filter Include="Cameraman">
      <UniqueIdentifier>{2284cc4e-1fb3-4413-972e-badfeff88161}</UniqueIdentifier>
    </Filter>
    <Filter Include="Enemy">
      <UniqueIdentifier>{aae38626-47bd-4b42-97bc-00643ce5d2d0}</UniqueIdentifier>
    </Filter>
    <Filter Include="Player">
      <UniqueIdentifier>{d675d54c-bc7e-4b45-b26a-3feffc076ca7}</UniqueIdentifier>
    </Filter>
    <Filter Include="Timer">
      <UniqueIdentifier>{c236aed2-d8e2-42c8-9450-75d840002b38}</UniqueIdentifier>
    </Filter>
    <Filter Include="Synchronizer">
      <UniqueIdentifier>{8cbef0a2-89eb-47fd-81a5-37db2cb3ca59}</UniqueIdentifier>
    </Filter>
    <Filter Include="UI">
      <UniqueIdentifier>{a6409fc8-3ba8-4d4b-8e64-db9ddc5b8b96}</UniqueIdentifier>
    </Filter>
  </ItemGroup>
  <ItemGroup>
    <ClInclude Include="src\God.h">
      <Filter>God</Filter>
    </ClInclude>
    <ClInclude Include="src\Cameraman.h">
      <Filter>Cameraman</Filter>
    </ClInclude>
    <ClInclude Include="src\Enemy.h">
      <Filter>Enemy</Filter>
    </ClInclude>
    <ClInclude Include="src\Player.h">
      <Filter>Player</Filter>
    </ClInclude>
    <ClInclude Include="src\Timer.h">
      <Filter>Timer</Filter>
    </ClInclude>
    <ClInclude Include="src\Synchronizer.h">
      <Filter>Synchronizer</Filter>
    </ClInclude>
    <ClInclude Include="src\picojson.h" />
    <ClInclude Include="src\UserInterface.h">
      <Filter>UI</Filter>
    </ClInclude>
  </ItemGroup>
</Project>