<?xml version="1.0" encoding="utf-8"?>
<Project ToolsVersion="4.0" xmlns="http://schemas.microsoft.com/developer/msbuild/2003">
  <ItemGroup>
    <Filter Include="Timer">
      <UniqueIdentifier>{4dc3bea2-fe26-43a9-82af-5d51ad2efacf}</UniqueIdentifier>
    </Filter>
    <Filter Include="Cameraman">
      <UniqueIdentifier>{d0bfd800-a38e-467b-9f6c-a845f2d6f040}</UniqueIdentifier>
    </Filter>
    <Filter Include="Enemy">
      <UniqueIdentifier>{f9ab517d-57ba-44ef-9cce-53088436fca4}</UniqueIdentifier>
    </Filter>
    <Filter Include="God">
      <UniqueIdentifier>{f1b40728-4c5a-45d2-bf56-c13b069716c4}</UniqueIdentifier>
    </Filter>
    <Filter Include="Player">
      <UniqueIdentifier>{beb88f38-07f6-402e-aa51-e1f6021a0cd7}</UniqueIdentifier>
    </Filter>
  </ItemGroup>
  <ItemGroup>
    <ClCompile Include="WinMain.cpp" />
    <ClCompile Include="src\Timer.cpp">
      <Filter>Timer</Filter>
    </ClCompile>
    <ClCompile Include="src\Cameraman.cpp">
      <Filter>Cameraman</Filter>
    </ClCompile>
    <ClCompile Include="src\Enemy.cpp">
      <Filter>Enemy</Filter>
    </ClCompile>
    <ClCompile Include="src\God.cpp">
      <Filter>God</Filter>
    </ClCompile>
    <ClCompile Include="src\Player.cpp">
      <Filter>Player</Filter>
    </ClCompile>
  </ItemGroup>
  <ItemGroup>
    <ClInclude Include="src\Timer.h">
      <Filter>Timer</Filter>
    </ClInclude>
    <ClInclude Include="src\Cameraman.h">
      <Filter>Cameraman</Filter>
    </ClInclude>
    <ClInclude Include="src\Enemy.h">
      <Filter>Enemy</Filter>
    </ClInclude>
    <ClInclude Include="src\God.h">
      <Filter>God</Filter>
    </ClInclude>
    <ClInclude Include="src\Player.h">
      <Filter>Player</Filter>
    </ClInclude>
  </ItemGroup>
</Project>